
Microsoft Visual Studio Solution File, Format Version 12.00
# Visual Studio 15
VisualStudioVersion = 15.0.27130.2026
MinimumVisualStudioVersion = 10.0.40219.1
Project("{FAE04EC0-301F-11D3-BF4B-00C04F79EFBC}") = "Pizza", "Pizza\Pizza.csproj", "{C7A8A76D-0004-4861-853C-CF5A00B0322F}"
EndProject
Global
	GlobalSection(SolutionConfigurationPlatforms) = preSolution
		Debug|Any CPU = Debug|Any CPU
		Release|Any CPU = Release|Any CPU
	EndGlobalSection
	GlobalSection(ProjectConfigurationPlatforms) = postSolution
		{C7A8A76D-0004-4861-853C-CF5A00B0322F}.Debug|Any CPU.ActiveCfg = Debug|Any CPU
		{C7A8A76D-0004-4861-853C-CF5A00B0322F}.Debug|Any CPU.Build.0 = Debug|Any CPU
		{C7A8A76D-0004-4861-853C-CF5A00B0322F}.Release|Any CPU.ActiveCfg = Release|Any CPU
		{C7A8A76D-0004-4861-853C-CF5A00B0322F}.Release|Any CPU.Build.0 = Release|Any CPU
	EndGlobalSection
	GlobalSection(SolutionProperties) = preSolution
		HideSolutionNode = FALSE
	EndGlobalSection
	GlobalSection(ExtensibilityGlobals) = postSolution
		SolutionGuid = {A41E673C-69A1-41C7-B005-9FA8F519CE04}
	EndGlobalSection
EndGlobal
